// !$*UTF8*$!
{
	archiveVersion = 1;
	classes = {
	};
	objectVersion = 56;
	objects = {

/* Begin PBXBuildFile section */
		501766D5BC9D4145282BFEA3 /* Pods_AuthApp.framework in Frameworks */ = {isa = PBXBuildFile; fileRef = 82B27C17C898C86B961CBD32 /* Pods_AuthApp.framework */; };
		5E0A72132DE6FCB9000C0303 /* FacebookCore in Frameworks */ = {isa = PBXBuildFile; productRef = 5E0A72122DE6FCB9000C0303 /* FacebookCore */; };
		5E0A72202DE6FFBF000C0303 /* FacebookLogin in Frameworks */ = {isa = PBXBuildFile; productRef = 5E0A721F2DE6FFBF000C0303 /* FacebookLogin */; };
		5E0A72252DE714CD000C0303 /* GoogleService-Info.plist in Resources */ = {isa = PBXBuildFile; fileRef = 5E0A72242DE714CD000C0303 /* GoogleService-Info.plist */; };
		5EC5B10F2DE60FB5004AA89A /* AppDelegate.swift in Sources */ = {isa = PBXBuildFile; fileRef = 5EC5B10E2DE60FB5004AA89A /* AppDelegate.swift */; };
		5EC5B1112DE60FB5004AA89A /* SceneDelegate.swift in Sources */ = {isa = PBXBuildFile; fileRef = 5EC5B1102DE60FB5004AA89A /* SceneDelegate.swift */; };
		5EC5B1132DE60FB5004AA89A /* ViewController.swift in Sources */ = {isa = PBXBuildFile; fileRef = 5EC5B1122DE60FB5004AA89A /* ViewController.swift */; };
		5EC5B1162DE60FB5004AA89A /* Main.storyboard in Resources */ = {isa = PBXBuildFile; fileRef = 5EC5B1142DE60FB5004AA89A /* Main.storyboard */; };
		5EC5B1192DE60FB5004AA89A /* AuthApp.xcdatamodeld in Sources */ = {isa = PBXBuildFile; fileRef = 5EC5B1172DE60FB5004AA89A /* AuthApp.xcdatamodeld */; };
		5EC5B11B2DE60FB7004AA89A /* Assets.xcassets in Resources */ = {isa = PBXBuildFile; fileRef = 5EC5B11A2DE60FB7004AA89A /* Assets.xcassets */; };
		5EC5B11E2DE60FB7004AA89A /* LaunchScreen.storyboard in Resources */ = {isa = PBXBuildFile; fileRef = 5EC5B11C2DE60FB7004AA89A /* LaunchScreen.storyboard */; };
		5EC5B1262DE62349004AA89A /* SignUpViewController.swift in Sources */ = {isa = PBXBuildFile; fileRef = 5EC5B1252DE62349004AA89A /* SignUpViewController.swift */; };
		5EC5B12B2DE6340D004AA89A /* FirebaseAuth in Frameworks */ = {isa = PBXBuildFile; productRef = 5EC5B12A2DE6340D004AA89A /* FirebaseAuth */; settings = {ATTRIBUTES = (Required, ); }; };
		5EC5B1382DE6493B004AA89A /* GitHubRepositoriesViewController.swift in Sources */ = {isa = PBXBuildFile; fileRef = 5EC5B1372DE6493B004AA89A /* GitHubRepositoriesViewController.swift */; };
		5EC5B13A2DE64D12004AA89A /* RepositoryModel.swift in Sources */ = {isa = PBXBuildFile; fileRef = 5EC5B1392DE64D12004AA89A /* RepositoryModel.swift */; };
		5EC5B13C2DE64D45004AA89A /* Extension.swift in Sources */ = {isa = PBXBuildFile; fileRef = 5EC5B13B2DE64D45004AA89A /* Extension.swift */; };
		5EC5B13E2DE64F7A004AA89A /* GitHubRepositoriesViewModel.swift in Sources */ = {isa = PBXBuildFile; fileRef = 5EC5B13D2DE64F7A004AA89A /* GitHubRepositoriesViewModel.swift */; };
		5EC5B1452DE65B42004AA89A /* GitHubService.swift in Sources */ = {isa = PBXBuildFile; fileRef = 5EC5B1442DE65B42004AA89A /* GitHubService.swift */; };
/* End PBXBuildFile section */

/* Begin PBXCopyFilesBuildPhase section */
		5E0A721E2DE6FF35000C0303 /* Embed Frameworks */ = {
			isa = PBXCopyFilesBuildPhase;
			buildActionMask = 2147483647;
			dstPath = "";
			dstSubfolderSpec = 10;
			files = (
			);
			name = "Embed Frameworks";
			runOnlyForDeploymentPostprocessing = 0;
		};
/* End PBXCopyFilesBuildPhase section */

/* Begin PBXFileReference section */
		5E0A72242DE714CD000C0303 /* GoogleService-Info.plist */ = {isa = PBXFileReference; fileEncoding = 4; lastKnownFileType = text.plist.xml; path = "GoogleService-Info.plist"; sourceTree = "<group>"; };
		5EC5B10B2DE60FB5004AA89A /* AuthApp.app */ = {isa = PBXFileReference; explicitFileType = wrapper.application; includeInIndex = 0; path = AuthApp.app; sourceTree = BUILT_PRODUCTS_DIR; };
		5EC5B10E2DE60FB5004AA89A /* AppDelegate.swift */ = {isa = PBXFileReference; lastKnownFileType = sourcecode.swift; path = AppDelegate.swift; sourceTree = "<group>"; };
		5EC5B1102DE60FB5004AA89A /* SceneDelegate.swift */ = {isa = PBXFileReference; lastKnownFileType = sourcecode.swift; path = SceneDelegate.swift; sourceTree = "<group>"; };
		5EC5B1122DE60FB5004AA89A /* ViewController.swift */ = {isa = PBXFileReference; lastKnownFileType = sourcecode.swift; path = ViewController.swift; sourceTree = "<group>"; };
		5EC5B1152DE60FB5004AA89A /* Base */ = {isa = PBXFileReference; lastKnownFileType = file.storyboard; name = Base; path = Base.lproj/Main.storyboard; sourceTree = "<group>"; };
		5EC5B1182DE60FB5004AA89A /* AuthApp.xcdatamodel */ = {isa = PBXFileReference; lastKnownFileType = wrapper.xcdatamodel; path = AuthApp.xcdatamodel; sourceTree = "<group>"; };
		5EC5B11A2DE60FB7004AA89A /* Assets.xcassets */ = {isa = PBXFileReference; lastKnownFileType = folder.assetcatalog; path = Assets.xcassets; sourceTree = "<group>"; };
		5EC5B11D2DE60FB7004AA89A /* Base */ = {isa = PBXFileReference; lastKnownFileType = file.storyboard; name = Base; path = Base.lproj/LaunchScreen.storyboard; sourceTree = "<group>"; };
		5EC5B11F2DE60FB7004AA89A /* Info.plist */ = {isa = PBXFileReference; lastKnownFileType = text.plist.xml; path = Info.plist; sourceTree = "<group>"; };
		5EC5B1252DE62349004AA89A /* SignUpViewController.swift */ = {isa = PBXFileReference; lastKnownFileType = sourcecode.swift; path = SignUpViewController.swift; sourceTree = "<group>"; };
		5EC5B1372DE6493B004AA89A /* GitHubRepositoriesViewController.swift */ = {isa = PBXFileReference; lastKnownFileType = sourcecode.swift; path = GitHubRepositoriesViewController.swift; sourceTree = "<group>"; };
		5EC5B1392DE64D12004AA89A /* RepositoryModel.swift */ = {isa = PBXFileReference; lastKnownFileType = sourcecode.swift; path = RepositoryModel.swift; sourceTree = "<group>"; };
		5EC5B13B2DE64D45004AA89A /* Extension.swift */ = {isa = PBXFileReference; lastKnownFileType = sourcecode.swift; path = Extension.swift; sourceTree = "<group>"; };
		5EC5B13D2DE64F7A004AA89A /* GitHubRepositoriesViewModel.swift */ = {isa = PBXFileReference; lastKnownFileType = sourcecode.swift; path = GitHubRepositoriesViewModel.swift; sourceTree = "<group>"; };
		5EC5B1442DE65B42004AA89A /* GitHubService.swift */ = {isa = PBXFileReference; lastKnownFileType = sourcecode.swift; path = GitHubService.swift; sourceTree = "<group>"; };
		73313FB66EBC507DA7806D20 /* Pods-AuthApp.debug.xcconfig */ = {isa = PBXFileReference; includeInIndex = 1; lastKnownFileType = text.xcconfig; name = "Pods-AuthApp.debug.xcconfig"; path = "Target Support Files/Pods-AuthApp/Pods-AuthApp.debug.xcconfig"; sourceTree = "<group>"; };
		82B27C17C898C86B961CBD32 /* Pods_AuthApp.framework */ = {isa = PBXFileReference; explicitFileType = wrapper.framework; includeInIndex = 0; path = Pods_AuthApp.framework; sourceTree = BUILT_PRODUCTS_DIR; };
		8858AAC78543059C2EBF78BF /* Pods-AuthApp.release.xcconfig */ = {isa = PBXFileReference; includeInIndex = 1; lastKnownFileType = text.xcconfig; name = "Pods-AuthApp.release.xcconfig"; path = "Target Support Files/Pods-AuthApp/Pods-AuthApp.release.xcconfig"; sourceTree = "<group>"; };
/* End PBXFileReference section */

/* Begin PBXFrameworksBuildPhase section */
		5EC5B1082DE60FB5004AA89A /* Frameworks */ = {
			isa = PBXFrameworksBuildPhase;
			buildActionMask = 2147483647;
			files = (
				5E0A72132DE6FCB9000C0303 /* FacebookCore in Frameworks */,
				5E0A72202DE6FFBF000C0303 /* FacebookLogin in Frameworks */,
				5EC5B12B2DE6340D004AA89A /* FirebaseAuth in Frameworks */,
				501766D5BC9D4145282BFEA3 /* Pods_AuthApp.framework in Frameworks */,
			);
			runOnlyForDeploymentPostprocessing = 0;
		};
/* End PBXFrameworksBuildPhase section */

/* Begin PBXGroup section */
		075B005DA22621B17B687583 /* Frameworks */ = {
			isa = PBXGroup;
			children = (
				82B27C17C898C86B961CBD32 /* Pods_AuthApp.framework */,
			);
			name = Frameworks;
			sourceTree = "<group>";
		};
		4217902828FDC45878218A62 /* Pods */ = {
			isa = PBXGroup;
			children = (
				73313FB66EBC507DA7806D20 /* Pods-AuthApp.debug.xcconfig */,
				8858AAC78543059C2EBF78BF /* Pods-AuthApp.release.xcconfig */,
			);
			path = Pods;
			sourceTree = "<group>";
		};
		5E0A72262DE7A361000C0303 /* RepositoriesViewControllers */ = {
			isa = PBXGroup;
			children = (
				5EC5B1372DE6493B004AA89A /* GitHubRepositoriesViewController.swift */,
				5EC5B13D2DE64F7A004AA89A /* GitHubRepositoriesViewModel.swift */,
				5EC5B1442DE65B42004AA89A /* GitHubService.swift */,
			);
			path = RepositoriesViewControllers;
			sourceTree = "<group>";
		};
		5E0A72272DE7A37F000C0303 /* Delegates */ = {
			isa = PBXGroup;
			children = (
				5EC5B1102DE60FB5004AA89A /* SceneDelegate.swift */,
				5EC5B10E2DE60FB5004AA89A /* AppDelegate.swift */,
			);
			path = Delegates;
			sourceTree = "<group>";
		};
		5E0A72282DE7A39A000C0303 /* MainViewControllers */ = {
			isa = PBXGroup;
			children = (
				5EC5B1252DE62349004AA89A /* SignUpViewController.swift */,
				5EC5B1122DE60FB5004AA89A /* ViewController.swift */,
			);
			path = MainViewControllers;
			sourceTree = "<group>";
		};
		5E0A72292DE7A3DB000C0303 /* Models */ = {
			isa = PBXGroup;
			children = (
				5EC5B1392DE64D12004AA89A /* RepositoryModel.swift */,
			);
			path = Models;
			sourceTree = "<group>";
		};
		5E0A722A2DE7A3E9000C0303 /* Views */ = {
			isa = PBXGroup;
			children = (
				5EC5B11C2DE60FB7004AA89A /* LaunchScreen.storyboard */,
				5EC5B1142DE60FB5004AA89A /* Main.storyboard */,
			);
			path = Views;
			sourceTree = "<group>";
		};
		5E0A722B2DE7A3F7000C0303 /* Extension */ = {
			isa = PBXGroup;
			children = (
				5EC5B13B2DE64D45004AA89A /* Extension.swift */,
			);
			path = Extension;
			sourceTree = "<group>";
		};
		5EC5B1022DE60FB5004AA89A = {
			isa = PBXGroup;
			children = (
				5EC5B10D2DE60FB5004AA89A /* AuthApp */,
				5EC5B10C2DE60FB5004AA89A /* Products */,
				4217902828FDC45878218A62 /* Pods */,
				075B005DA22621B17B687583 /* Frameworks */,
			);
			sourceTree = "<group>";
		};
		5EC5B10C2DE60FB5004AA89A /* Products */ = {
			isa = PBXGroup;
			children = (
				5EC5B10B2DE60FB5004AA89A /* AuthApp.app */,
			);
			name = Products;
			sourceTree = "<group>";
		};
		5EC5B10D2DE60FB5004AA89A /* AuthApp */ = {
			isa = PBXGroup;
			children = (
				5E0A72282DE7A39A000C0303 /* MainViewControllers */,
				5E0A72262DE7A361000C0303 /* RepositoriesViewControllers */,
				5E0A722A2DE7A3E9000C0303 /* Views */,
				5E0A722B2DE7A3F7000C0303 /* Extension */,
				5E0A72292DE7A3DB000C0303 /* Models */,
				5E0A72272DE7A37F000C0303 /* Delegates */,
				5EC5B11A2DE60FB7004AA89A /* Assets.xcassets */,
				5EC5B11F2DE60FB7004AA89A /* Info.plist */,
				5E0A72242DE714CD000C0303 /* GoogleService-Info.plist */,
				5EC5B1172DE60FB5004AA89A /* AuthApp.xcdatamodeld */,
			);
			path = AuthApp;
			sourceTree = "<group>";
		};
/* End PBXGroup section */

/* Begin PBXNativeTarget section */
		5EC5B10A2DE60FB5004AA89A /* AuthApp */ = {
			isa = PBXNativeTarget;
			buildConfigurationList = 5EC5B1222DE60FB7004AA89A /* Build configuration list for PBXNativeTarget "AuthApp" */;
			buildPhases = (
				9125F59D639256481C12EA05 /* [CP] Check Pods Manifest.lock */,
				5EC5B1072DE60FB5004AA89A /* Sources */,
				5EC5B1082DE60FB5004AA89A /* Frameworks */,
				5EC5B1092DE60FB5004AA89A /* Resources */,
				5E0A721E2DE6FF35000C0303 /* Embed Frameworks */,
				91E9572CF0C1C07AC511A57C /* [CP] Embed Pods Frameworks */,
			);
			buildRules = (
			);
			dependencies = (
			);
			name = AuthApp;
			packageProductDependencies = (
				5EC5B12A2DE6340D004AA89A /* FirebaseAuth */,
				5E0A72122DE6FCB9000C0303 /* FacebookCore */,
				5E0A721F2DE6FFBF000C0303 /* FacebookLogin */,
			);
			productName = AuthApp;
			productReference = 5EC5B10B2DE60FB5004AA89A /* AuthApp.app */;
			productType = "com.apple.product-type.application";
		};
/* End PBXNativeTarget section */

/* Begin PBXProject section */
		5EC5B1032DE60FB5004AA89A /* Project object */ = {
			isa = PBXProject;
			attributes = {
				BuildIndependentTargetsInParallel = 1;
				LastSwiftUpdateCheck = 1430;
				LastUpgradeCheck = 1430;
				TargetAttributes = {
					5EC5B10A2DE60FB5004AA89A = {
						CreatedOnToolsVersion = 14.3.1;
					};
				};
			};
			buildConfigurationList = 5EC5B1062DE60FB5004AA89A /* Build configuration list for PBXProject "AuthApp" */;
			compatibilityVersion = "Xcode 14.0";
			developmentRegion = en;
			hasScannedForEncodings = 0;
			knownRegions = (
				en,
				Base,
			);
			mainGroup = 5EC5B1022DE60FB5004AA89A;
			packageReferences = (
				5EC5B1292DE62900004AA89A /* XCRemoteSwiftPackageReference "firebase-ios-sdk" */,
				5E0A720D2DE6FCB8000C0303 /* XCRemoteSwiftPackageReference "facebook-ios-sdk" */,
				5E0A72212DE704C9000C0303 /* XCRemoteSwiftPackageReference "GoogleSignIn-iOS" */,
			);
			productRefGroup = 5EC5B10C2DE60FB5004AA89A /* Products */;
			projectDirPath = "";
			projectRoot = "";
			targets = (
				5EC5B10A2DE60FB5004AA89A /* AuthApp */,
			);
		};
/* End PBXProject section */

/* Begin PBXResourcesBuildPhase section */
		5EC5B1092DE60FB5004AA89A /* Resources */ = {
			isa = PBXResourcesBuildPhase;
			buildActionMask = 2147483647;
			files = (
				5EC5B11E2DE60FB7004AA89A /* LaunchScreen.storyboard in Resources */,
				5E0A72252DE714CD000C0303 /* GoogleService-Info.plist in Resources */,
				5EC5B11B2DE60FB7004AA89A /* Assets.xcassets in Resources */,
				5EC5B1162DE60FB5004AA89A /* Main.storyboard in Resources */,
			);
			runOnlyForDeploymentPostprocessing = 0;
		};
/* End PBXResourcesBuildPhase section */

/* Begin PBXShellScriptBuildPhase section */
		9125F59D639256481C12EA05 /* [CP] Check Pods Manifest.lock */ = {
			isa = PBXShellScriptBuildPhase;
			buildActionMask = 2147483647;
			files = (
			);
			inputFileListPaths = (
			);
			inputPaths = (
				"${PODS_PODFILE_DIR_PATH}/Podfile.lock",
				"${PODS_ROOT}/Manifest.lock",
			);
			name = "[CP] Check Pods Manifest.lock";
			outputFileListPaths = (
			);
			outputPaths = (
				"$(DERIVED_FILE_DIR)/Pods-AuthApp-checkManifestLockResult.txt",
			);
			runOnlyForDeploymentPostprocessing = 0;
			shellPath = /bin/sh;
			shellScript = "diff \"${PODS_PODFILE_DIR_PATH}/Podfile.lock\" \"${PODS_ROOT}/Manifest.lock\" > /dev/null\nif [ $? != 0 ] ; then\n    # print error to STDERR\n    echo \"error: The sandbox is not in sync with the Podfile.lock. Run 'pod install' or update your CocoaPods installation.\" >&2\n    exit 1\nfi\n# This output is used by Xcode 'outputs' to avoid re-running this script phase.\necho \"SUCCESS\" > \"${SCRIPT_OUTPUT_FILE_0}\"\n";
			showEnvVarsInLog = 0;
		};
		91E9572CF0C1C07AC511A57C /* [CP] Embed Pods Frameworks */ = {
			isa = PBXShellScriptBuildPhase;
			buildActionMask = 2147483647;
			files = (
			);
			inputFileListPaths = (
				"${PODS_ROOT}/Target Support Files/Pods-AuthApp/Pods-AuthApp-frameworks-${CONFIGURATION}-input-files.xcfilelist",
			);
			name = "[CP] Embed Pods Frameworks";
			outputFileListPaths = (
				"${PODS_ROOT}/Target Support Files/Pods-AuthApp/Pods-AuthApp-frameworks-${CONFIGURATION}-output-files.xcfilelist",
			);
			runOnlyForDeploymentPostprocessing = 0;
			shellPath = /bin/sh;
			shellScript = "\"${PODS_ROOT}/Target Support Files/Pods-AuthApp/Pods-AuthApp-frameworks.sh\"\n";
			showEnvVarsInLog = 0;
		};
/* End PBXShellScriptBuildPhase section */

/* Begin PBXSourcesBuildPhase section */
		5EC5B1072DE60FB5004AA89A /* Sources */ = {
			isa = PBXSourcesBuildPhase;
			buildActionMask = 2147483647;
			files = (
				5EC5B1452DE65B42004AA89A /* GitHubService.swift in Sources */,
				5EC5B1132DE60FB5004AA89A /* ViewController.swift in Sources */,
				5EC5B10F2DE60FB5004AA89A /* AppDelegate.swift in Sources */,
				5EC5B13E2DE64F7A004AA89A /* GitHubRepositoriesViewModel.swift in Sources */,
				5EC5B1112DE60FB5004AA89A /* SceneDelegate.swift in Sources */,
				5EC5B1382DE6493B004AA89A /* GitHubRepositoriesViewController.swift in Sources */,
				5EC5B1192DE60FB5004AA89A /* AuthApp.xcdatamodeld in Sources */,
				5EC5B13A2DE64D12004AA89A /* RepositoryModel.swift in Sources */,
				5EC5B1262DE62349004AA89A /* SignUpViewController.swift in Sources */,
				5EC5B13C2DE64D45004AA89A /* Extension.swift in Sources */,
			);
			runOnlyForDeploymentPostprocessing = 0;
		};
/* End PBXSourcesBuildPhase section */

/* Begin PBXVariantGroup section */
		5EC5B1142DE60FB5004AA89A /* Main.storyboard */ = {
			isa = PBXVariantGroup;
			children = (
				5EC5B1152DE60FB5004AA89A /* Base */,
			);
			name = Main.storyboard;
			sourceTree = "<group>";
		};
		5EC5B11C2DE60FB7004AA89A /* LaunchScreen.storyboard */ = {
			isa = PBXVariantGroup;
			children = (
				5EC5B11D2DE60FB7004AA89A /* Base */,
			);
			name = LaunchScreen.storyboard;
			sourceTree = "<group>";
		};
/* End PBXVariantGroup section */

/* Begin XCBuildConfiguration section */
		5EC5B1202DE60FB7004AA89A /* Debug */ = {
			isa = XCBuildConfiguration;
			buildSettings = {
				ALWAYS_SEARCH_USER_PATHS = NO;
				CLANG_ANALYZER_NONNULL = YES;
				CLANG_ANALYZER_NUMBER_OBJECT_CONVERSION = YES_AGGRESSIVE;
				CLANG_CXX_LANGUAGE_STANDARD = "gnu++20";
				CLANG_ENABLE_MODULES = YES;
				CLANG_ENABLE_OBJC_ARC = YES;
				CLANG_ENABLE_OBJC_WEAK = YES;
				CLANG_WARN_BLOCK_CAPTURE_AUTORELEASING = YES;
				CLANG_WARN_BOOL_CONVERSION = YES;
				CLANG_WARN_COMMA = YES;
				CLANG_WARN_CONSTANT_CONVERSION = YES;
				CLANG_WARN_DEPRECATED_OBJC_IMPLEMENTATIONS = YES;
				CLANG_WARN_DIRECT_OBJC_ISA_USAGE = YES_ERROR;
				CLANG_WARN_DOCUMENTATION_COMMENTS = YES;
				CLANG_WARN_EMPTY_BODY = YES;
				CLANG_WARN_ENUM_CONVERSION = YES;
				CLANG_WARN_INFINITE_RECURSION = YES;
				CLANG_WARN_INT_CONVERSION = YES;
				CLANG_WARN_NON_LITERAL_NULL_CONVERSION = YES;
				CLANG_WARN_OBJC_IMPLICIT_RETAIN_SELF = YES;
				CLANG_WARN_OBJC_LITERAL_CONVERSION = YES;
				CLANG_WARN_OBJC_ROOT_CLASS = YES_ERROR;
				CLANG_WARN_QUOTED_INCLUDE_IN_FRAMEWORK_HEADER = YES;
				CLANG_WARN_RANGE_LOOP_ANALYSIS = YES;
				CLANG_WARN_STRICT_PROTOTYPES = YES;
				CLANG_WARN_SUSPICIOUS_MOVE = YES;
				CLANG_WARN_UNGUARDED_AVAILABILITY = YES_AGGRESSIVE;
				CLANG_WARN_UNREACHABLE_CODE = YES;
				CLANG_WARN__DUPLICATE_METHOD_MATCH = YES;
				COPY_PHASE_STRIP = NO;
				DEBUG_INFORMATION_FORMAT = dwarf;
				ENABLE_STRICT_OBJC_MSGSEND = YES;
				ENABLE_TESTABILITY = YES;
				GCC_C_LANGUAGE_STANDARD = gnu11;
				GCC_DYNAMIC_NO_PIC = NO;
				GCC_NO_COMMON_BLOCKS = YES;
				GCC_OPTIMIZATION_LEVEL = 0;
				GCC_PREPROCESSOR_DEFINITIONS = (
					"DEBUG=1",
					"$(inherited)",
				);
				GCC_WARN_64_TO_32_BIT_CONVERSION = YES;
				GCC_WARN_ABOUT_RETURN_TYPE = YES_ERROR;
				GCC_WARN_UNDECLARED_SELECTOR = YES;
				GCC_WARN_UNINITIALIZED_AUTOS = YES_AGGRESSIVE;
				GCC_WARN_UNUSED_FUNCTION = YES;
				GCC_WARN_UNUSED_VARIABLE = YES;
				IPHONEOS_DEPLOYMENT_TARGET = 16.4;
				MTL_ENABLE_DEBUG_INFO = INCLUDE_SOURCE;
				MTL_FAST_MATH = YES;
				ONLY_ACTIVE_ARCH = YES;
				SDKROOT = iphoneos;
				SWIFT_ACTIVE_COMPILATION_CONDITIONS = DEBUG;
				SWIFT_OPTIMIZATION_LEVEL = "-Onone";
			};
			name = Debug;
		};
		5EC5B1212DE60FB7004AA89A /* Release */ = {
			isa = XCBuildConfiguration;
			buildSettings = {
				ALWAYS_SEARCH_USER_PATHS = NO;
				CLANG_ANALYZER_NONNULL = YES;
				CLANG_ANALYZER_NUMBER_OBJECT_CONVERSION = YES_AGGRESSIVE;
				CLANG_CXX_LANGUAGE_STANDARD = "gnu++20";
				CLANG_ENABLE_MODULES = YES;
				CLANG_ENABLE_OBJC_ARC = YES;
				CLANG_ENABLE_OBJC_WEAK = YES;
				CLANG_WARN_BLOCK_CAPTURE_AUTORELEASING = YES;
				CLANG_WARN_BOOL_CONVERSION = YES;
				CLANG_WARN_COMMA = YES;
				CLANG_WARN_CONSTANT_CONVERSION = YES;
				CLANG_WARN_DEPRECATED_OBJC_IMPLEMENTATIONS = YES;
				CLANG_WARN_DIRECT_OBJC_ISA_USAGE = YES_ERROR;
				CLANG_WARN_DOCUMENTATION_COMMENTS = YES;
				CLANG_WARN_EMPTY_BODY = YES;
				CLANG_WARN_ENUM_CONVERSION = YES;
				CLANG_WARN_INFINITE_RECURSION = YES;
				CLANG_WARN_INT_CONVERSION = YES;
				CLANG_WARN_NON_LITERAL_NULL_CONVERSION = YES;
				CLANG_WARN_OBJC_IMPLICIT_RETAIN_SELF = YES;
				CLANG_WARN_OBJC_LITERAL_CONVERSION = YES;
				CLANG_WARN_OBJC_ROOT_CLASS = YES_ERROR;
				CLANG_WARN_QUOTED_INCLUDE_IN_FRAMEWORK_HEADER = YES;
				CLANG_WARN_RANGE_LOOP_ANALYSIS = YES;
				CLANG_WARN_STRICT_PROTOTYPES = YES;
				CLANG_WARN_SUSPICIOUS_MOVE = YES;
				CLANG_WARN_UNGUARDED_AVAILABILITY = YES_AGGRESSIVE;
				CLANG_WARN_UNREACHABLE_CODE = YES;
				CLANG_WARN__DUPLICATE_METHOD_MATCH = YES;
				COPY_PHASE_STRIP = NO;
				DEBUG_INFORMATION_FORMAT = "dwarf-with-dsym";
				ENABLE_NS_ASSERTIONS = NO;
				ENABLE_STRICT_OBJC_MSGSEND = YES;
				GCC_C_LANGUAGE_STANDARD = gnu11;
				GCC_NO_COMMON_BLOCKS = YES;
				GCC_WARN_64_TO_32_BIT_CONVERSION = YES;
				GCC_WARN_ABOUT_RETURN_TYPE = YES_ERROR;
				GCC_WARN_UNDECLARED_SELECTOR = YES;
				GCC_WARN_UNINITIALIZED_AUTOS = YES_AGGRESSIVE;
				GCC_WARN_UNUSED_FUNCTION = YES;
				GCC_WARN_UNUSED_VARIABLE = YES;
				IPHONEOS_DEPLOYMENT_TARGET = 16.4;
				MTL_ENABLE_DEBUG_INFO = NO;
				MTL_FAST_MATH = YES;
				SDKROOT = iphoneos;
				SWIFT_COMPILATION_MODE = wholemodule;
				SWIFT_OPTIMIZATION_LEVEL = "-O";
				VALIDATE_PRODUCT = YES;
			};
			name = Release;
		};
		5EC5B1232DE60FB7004AA89A /* Debug */ = {
			isa = XCBuildConfiguration;
			baseConfigurationReference = 73313FB66EBC507DA7806D20 /* Pods-AuthApp.debug.xcconfig */;
			buildSettings = {
				ASSETCATALOG_COMPILER_APPICON_NAME = AppIcon;
				ASSETCATALOG_COMPILER_GLOBAL_ACCENT_COLOR_NAME = AccentColor;
				CODE_SIGN_STYLE = Automatic;
				CURRENT_PROJECT_VERSION = 1;
				DEVELOPMENT_TEAM = "";
				GENERATE_INFOPLIST_FILE = YES;
				INFOPLIST_FILE = AuthApp/Info.plist;
				INFOPLIST_KEY_UIApplicationSupportsIndirectInputEvents = YES;
				INFOPLIST_KEY_UILaunchStoryboardName = LaunchScreen;
				INFOPLIST_KEY_UIMainStoryboardFile = Main;
				INFOPLIST_KEY_UISupportedInterfaceOrientations_iPad = "UIInterfaceOrientationPortrait UIInterfaceOrientationPortraitUpsideDown UIInterfaceOrientationLandscapeLeft UIInterfaceOrientationLandscapeRight";
				INFOPLIST_KEY_UISupportedInterfaceOrientations_iPhone = "UIInterfaceOrientationPortrait UIInterfaceOrientationLandscapeLeft UIInterfaceOrientationLandscapeRight";
				LD_RUNPATH_SEARCH_PATHS = (
					"$(inherited)",
					"@executable_path/Frameworks",
				);
				MARKETING_VERSION = 1.0;
				PRODUCT_BUNDLE_IDENTIFIER = ester.AuthApp;
				PRODUCT_NAME = "$(TARGET_NAME)";
				SWIFT_EMIT_LOC_STRINGS = YES;
				SWIFT_VERSION = 5.0;
				TARGETED_DEVICE_FAMILY = "1,2";
			};
			name = Debug;
		};
		5EC5B1242DE60FB7004AA89A /* Release */ = {
			isa = XCBuildConfiguration;
			baseConfigurationReference = 8858AAC78543059C2EBF78BF /* Pods-AuthApp.release.xcconfig */;
			buildSettings = {
				ASSETCATALOG_COMPILER_APPICON_NAME = AppIcon;
				ASSETCATALOG_COMPILER_GLOBAL_ACCENT_COLOR_NAME = AccentColor;
				CODE_SIGN_STYLE = Automatic;
				CURRENT_PROJECT_VERSION = 1;
				DEVELOPMENT_TEAM = 2US266Q5V3;
				GENERATE_INFOPLIST_FILE = YES;
				INFOPLIST_FILE = AuthApp/Info.plist;
				INFOPLIST_KEY_UIApplicationSupportsIndirectInputEvents = YES;
				INFOPLIST_KEY_UILaunchStoryboardName = LaunchScreen;
				INFOPLIST_KEY_UIMainStoryboardFile = Main;
				INFOPLIST_KEY_UISupportedInterfaceOrientations_iPad = "UIInterfaceOrientationPortrait UIInterfaceOrientationPortraitUpsideDown UIInterfaceOrientationLandscapeLeft UIInterfaceOrientationLandscapeRight";
				INFOPLIST_KEY_UISupportedInterfaceOrientations_iPhone = "UIInterfaceOrientationPortrait UIInterfaceOrientationLandscapeLeft UIInterfaceOrientationLandscapeRight";
				LD_RUNPATH_SEARCH_PATHS = (
					"$(inherited)",
					"@executable_path/Frameworks",
				);
				MARKETING_VERSION = 1.0;
				PRODUCT_BUNDLE_IDENTIFIER = ester.AuthApp;
				PRODUCT_NAME = "$(TARGET_NAME)";
				SWIFT_EMIT_LOC_STRINGS = YES;
				SWIFT_VERSION = 5.0;
				TARGETED_DEVICE_FAMILY = "1,2";
			};
			name = Release;
		};
/* End XCBuildConfiguration section */

/* Begin XCConfigurationList section */
		5EC5B1062DE60FB5004AA89A /* Build configuration list for PBXProject "AuthApp" */ = {
			isa = XCConfigurationList;
			buildConfigurations = (
				5EC5B1202DE60FB7004AA89A /* Debug */,
				5EC5B1212DE60FB7004AA89A /* Release */,
			);
			defaultConfigurationIsVisible = 0;
			defaultConfigurationName = Release;
		};
		5EC5B1222DE60FB7004AA89A /* Build configuration list for PBXNativeTarget "AuthApp" */ = {
			isa = XCConfigurationList;
			buildConfigurations = (
				5EC5B1232DE60FB7004AA89A /* Debug */,
				5EC5B1242DE60FB7004AA89A /* Release */,
			);
			defaultConfigurationIsVisible = 0;
			defaultConfigurationName = Release;
		};
/* End XCConfigurationList section */

/* Begin XCRemoteSwiftPackageReference section */
		5E0A720D2DE6FCB8000C0303 /* XCRemoteSwiftPackageReference "facebook-ios-sdk" */ = {
			isa = XCRemoteSwiftPackageReference;
			repositoryURL = "https://github.com/facebook/facebook-ios-sdk.git";
			requirement = {
				kind = upToNextMajorVersion;
				minimumVersion = 14.0.0;
			};
		};
		5E0A72212DE704C9000C0303 /* XCRemoteSwiftPackageReference "GoogleSignIn-iOS" */ = {
			isa = XCRemoteSwiftPackageReference;
			repositoryURL = "https://github.com/google/GoogleSignIn-iOS";
			requirement = {
				kind = upToNextMajorVersion;
				minimumVersion = 7.0.0;
			};
		};
		5EC5B1292DE62900004AA89A /* XCRemoteSwiftPackageReference "firebase-ios-sdk" */ = {
			isa = XCRemoteSwiftPackageReference;
			repositoryURL = "https://github.com/firebase/firebase-ios-sdk.git";
			requirement = {
				kind = upToNextMajorVersion;
				minimumVersion = 10.15.0;
			};
		};
/* End XCRemoteSwiftPackageReference section */

/* Begin XCSwiftPackageProductDependency section */
		5E0A72122DE6FCB9000C0303 /* FacebookCore */ = {
			isa = XCSwiftPackageProductDependency;
			package = 5E0A720D2DE6FCB8000C0303 /* XCRemoteSwiftPackageReference "facebook-ios-sdk" */;
			productName = FacebookCore;
		};
		5E0A721F2DE6FFBF000C0303 /* FacebookLogin */ = {
			isa = XCSwiftPackageProductDependency;
			package = 5E0A720D2DE6FCB8000C0303 /* XCRemoteSwiftPackageReference "facebook-ios-sdk" */;
			productName = FacebookLogin;
		};
		5EC5B12A2DE6340D004AA89A /* FirebaseAuth */ = {
			isa = XCSwiftPackageProductDependency;
			package = 5EC5B1292DE62900004AA89A /* XCRemoteSwiftPackageReference "firebase-ios-sdk" */;
			productName = FirebaseAuth;
		};
/* End XCSwiftPackageProductDependency section */

/* Begin XCVersionGroup section */
		5EC5B1172DE60FB5004AA89A /* AuthApp.xcdatamodeld */ = {
			isa = XCVersionGroup;
			children = (
				5EC5B1182DE60FB5004AA89A /* AuthApp.xcdatamodel */,
			);
			currentVersion = 5EC5B1182DE60FB5004AA89A /* AuthApp.xcdatamodel */;
			path = AuthApp.xcdatamodeld;
			sourceTree = "<group>";
			versionGroupType = wrapper.xcdatamodel;
		};
/* End XCVersionGroup section */
	};
	rootObject = 5EC5B1032DE60FB5004AA89A /* Project object */;
}
